
Microsoft Visual Studio Solution File, Format Version 12.00
# Visual Studio Version 17
VisualStudioVersion = 17.4.33122.133
MinimumVisualStudioVersion = 10.0.40219.1
Project("{FAE04EC0-301F-11D3-BF4B-00C04F79EFBC}") = "Rhino Plugin", "Rhino Plugin\Rhino Plugin.csproj", "{A65F3523-D9CE-4EB3-875D-57E903954542}"
EndProject
Global
	GlobalSection(SolutionConfigurationPlatforms) = preSolution
		Debug|Any CPU = Debug|Any CPU
		Release|Any CPU = Release|Any CPU
	EndGlobalSection
	GlobalSection(ProjectConfigurationPlatforms) = postSolution
		{A65F3523-D9CE-4EB3-875D-57E903954542}.Debug|Any CPU.ActiveCfg = Debug|Any CPU
		{A65F3523-D9CE-4EB3-875D-57E903954542}.Debug|Any CPU.Build.0 = Debug|Any CPU
		{A65F3523-D9CE-4EB3-875D-57E903954542}.Release|Any CPU.ActiveCfg = Release|Any CPU
		{A65F3523-D9CE-4EB3-875D-57E903954542}.Release|Any CPU.Build.0 = Release|Any CPU
	EndGlobalSection
	GlobalSection(SolutionProperties) = preSolution
		HideSolutionNode = FALSE
	EndGlobalSection
	GlobalSection(ExtensibilityGlobals) = postSolution
		SolutionGuid = {496AC0D4-1D48-47E5-9C34-AF1C4BEF25F3}
	EndGlobalSection
EndGlobal
